// !$*UTF8*$!
{
	archiveVersion = 1;
	classes = {
	};
	objectVersion = 56;
	objects = {

/* Begin PBXBuildFile section */
		574DFDCA29E2D5B40015798A /* AppDelegate.swift in Sources */ = {isa = PBXBuildFile; fileRef = 574DFDC929E2D5B40015798A /* AppDelegate.swift */; };
		574DFDCC29E2D5B40015798A /* ViewController.swift in Sources */ = {isa = PBXBuildFile; fileRef = 574DFDCB29E2D5B40015798A /* ViewController.swift */; };
		574DFDCE29E2D5B40015798A /* Assets.xcassets in Resources */ = {isa = PBXBuildFile; fileRef = 574DFDCD29E2D5B40015798A /* Assets.xcassets */; };
		574DFDD129E2D5B40015798A /* Main.storyboard in Resources */ = {isa = PBXBuildFile; fileRef = 574DFDCF29E2D5B40015798A /* Main.storyboard */; };
		57979C8C29E3E7450017F6B4 /* ButtonShake.swift in Sources */ = {isa = PBXBuildFile; fileRef = 57979C8B29E3E7450017F6B4 /* ButtonShake.swift */; };
		57979C9F29E415C80017F6B4 /* ConfettiAlertErrorView.swift in Sources */ = {isa = PBXBuildFile; fileRef = 57979C9E29E415C80017F6B4 /* ConfettiAlertErrorView.swift */; };
		57E4F69E29E3214B0058BB64 /* ConfettiSwiftUI in Frameworks */ = {isa = PBXBuildFile; productRef = 57E4F69D29E3214B0058BB64 /* ConfettiSwiftUI */; };
		57E4F6A029E324160058BB64 /* ConfettiAlertView.swift in Sources */ = {isa = PBXBuildFile; fileRef = 57E4F69F29E324160058BB64 /* ConfettiAlertView.swift */; };
		57E4F6A729E3386A0058BB64 /* GradientBackgroundView.swift in Sources */ = {isa = PBXBuildFile; fileRef = 57E4F6A629E3386A0058BB64 /* GradientBackgroundView.swift */; };
		57E4F6AD29E33C010058BB64 /* CustomWindow.swift in Sources */ = {isa = PBXBuildFile; fileRef = 57E4F6AC29E33C010058BB64 /* CustomWindow.swift */; };
/* End PBXBuildFile section */

/* Begin PBXFileReference section */
		574DFDC629E2D5B40015798A /* Exportify.app */ = {isa = PBXFileReference; explicitFileType = wrapper.application; includeInIndex = 0; path = Exportify.app; sourceTree = BUILT_PRODUCTS_DIR; };
		574DFDC929E2D5B40015798A /* AppDelegate.swift */ = {isa = PBXFileReference; lastKnownFileType = sourcecode.swift; path = AppDelegate.swift; sourceTree = "<group>"; };
		574DFDCB29E2D5B40015798A /* ViewController.swift */ = {isa = PBXFileReference; lastKnownFileType = sourcecode.swift; path = ViewController.swift; sourceTree = "<group>"; };
		574DFDCD29E2D5B40015798A /* Assets.xcassets */ = {isa = PBXFileReference; lastKnownFileType = folder.assetcatalog; path = Assets.xcassets; sourceTree = "<group>"; };
		574DFDD029E2D5B40015798A /* Base */ = {isa = PBXFileReference; lastKnownFileType = file.storyboard; name = Base; path = Base.lproj/Main.storyboard; sourceTree = "<group>"; };
		574DFDD229E2D5B40015798A /* Exportify.entitlements */ = {isa = PBXFileReference; lastKnownFileType = text.plist.entitlements; path = Exportify.entitlements; sourceTree = "<group>"; };
		57979C8B29E3E7450017F6B4 /* ButtonShake.swift */ = {isa = PBXFileReference; lastKnownFileType = sourcecode.swift; path = ButtonShake.swift; sourceTree = "<group>"; };
		57979C9E29E415C80017F6B4 /* ConfettiAlertErrorView.swift */ = {isa = PBXFileReference; lastKnownFileType = sourcecode.swift; path = ConfettiAlertErrorView.swift; sourceTree = "<group>"; };
		57E4F69F29E324160058BB64 /* ConfettiAlertView.swift */ = {isa = PBXFileReference; lastKnownFileType = sourcecode.swift; path = ConfettiAlertView.swift; sourceTree = "<group>"; };
		57E4F6A629E3386A0058BB64 /* GradientBackgroundView.swift */ = {isa = PBXFileReference; lastKnownFileType = sourcecode.swift; path = GradientBackgroundView.swift; sourceTree = "<group>"; };
		57E4F6AC29E33C010058BB64 /* CustomWindow.swift */ = {isa = PBXFileReference; lastKnownFileType = sourcecode.swift; path = CustomWindow.swift; sourceTree = "<group>"; };
/* End PBXFileReference section */

/* Begin PBXFrameworksBuildPhase section */
		574DFDC329E2D5B40015798A /* Frameworks */ = {
			isa = PBXFrameworksBuildPhase;
			buildActionMask = 2147483647;
			files = (
				57E4F69E29E3214B0058BB64 /* ConfettiSwiftUI in Frameworks */,
			);
			runOnlyForDeploymentPostprocessing = 0;
		};
/* End PBXFrameworksBuildPhase section */

/* Begin PBXGroup section */
		574DFDBD29E2D5B30015798A = {
			isa = PBXGroup;
			children = (
				574DFDC829E2D5B40015798A /* Exportify */,
				574DFDC729E2D5B40015798A /* Products */,
			);
			sourceTree = "<group>";
		};
		574DFDC729E2D5B40015798A /* Products */ = {
			isa = PBXGroup;
			children = (
				574DFDC629E2D5B40015798A /* Exportify.app */,
			);
			name = Products;
			sourceTree = "<group>";
		};
		574DFDC829E2D5B40015798A /* Exportify */ = {
			isa = PBXGroup;
			children = (
				57E4F6A529E3384F0058BB64 /* Styles */,
				574DFDCB29E2D5B40015798A /* ViewController.swift */,
				574DFDC929E2D5B40015798A /* AppDelegate.swift */,
				574DFDCD29E2D5B40015798A /* Assets.xcassets */,
				574DFDCF29E2D5B40015798A /* Main.storyboard */,
				574DFDD229E2D5B40015798A /* Exportify.entitlements */,
			);
			path = Exportify;
			sourceTree = "<group>";
		};
		57E4F6A529E3384F0058BB64 /* Styles */ = {
			isa = PBXGroup;
			children = (
				57E4F6A629E3386A0058BB64 /* GradientBackgroundView.swift */,
				57E4F6AC29E33C010058BB64 /* CustomWindow.swift */,
				57979C8B29E3E7450017F6B4 /* ButtonShake.swift */,
				57E4F69F29E324160058BB64 /* ConfettiAlertView.swift */,
				57979C9E29E415C80017F6B4 /* ConfettiAlertErrorView.swift */,
			);
			name = Styles;
			sourceTree = "<group>";
		};
/* End PBXGroup section */

/* Begin PBXNativeTarget section */
		574DFDC529E2D5B40015798A /* Exportify */ = {
			isa = PBXNativeTarget;
			buildConfigurationList = 574DFDD529E2D5B40015798A /* Build configuration list for PBXNativeTarget "Exportify" */;
			buildPhases = (
				574DFDC229E2D5B40015798A /* Sources */,
				574DFDC329E2D5B40015798A /* Frameworks */,
				574DFDC429E2D5B40015798A /* Resources */,
			);
			buildRules = (
			);
			dependencies = (
			);
			name = Exportify;
			packageProductDependencies = (
				57E4F69D29E3214B0058BB64 /* ConfettiSwiftUI */,
			);
			productName = Exportify;
			productReference = 574DFDC629E2D5B40015798A /* Exportify.app */;
			productType = "com.apple.product-type.application";
		};
/* End PBXNativeTarget section */

/* Begin PBXProject section */
		574DFDBE29E2D5B30015798A /* Project object */ = {
			isa = PBXProject;
			attributes = {
				BuildIndependentTargetsInParallel = 1;
				LastSwiftUpdateCheck = 1430;
				LastUpgradeCheck = 1430;
				TargetAttributes = {
					574DFDC529E2D5B40015798A = {
						CreatedOnToolsVersion = 14.3;
					};
				};
			};
			buildConfigurationList = 574DFDC129E2D5B30015798A /* Build configuration list for PBXProject "Exportify" */;
			compatibilityVersion = "Xcode 14.0";
			developmentRegion = en;
			hasScannedForEncodings = 0;
			knownRegions = (
				en,
				Base,
			);
			mainGroup = 574DFDBD29E2D5B30015798A;
			packageReferences = (
				57E4F69C29E3214B0058BB64 /* XCRemoteSwiftPackageReference "ConfettiSwiftUI" */,
			);
			productRefGroup = 574DFDC729E2D5B40015798A /* Products */;
			projectDirPath = "";
			projectRoot = "";
			targets = (
				574DFDC529E2D5B40015798A /* Exportify */,
			);
		};
/* End PBXProject section */

/* Begin PBXResourcesBuildPhase section */
		574DFDC429E2D5B40015798A /* Resources */ = {
			isa = PBXResourcesBuildPhase;
			buildActionMask = 2147483647;
			files = (
				574DFDCE29E2D5B40015798A /* Assets.xcassets in Resources */,
				574DFDD129E2D5B40015798A /* Main.storyboard in Resources */,
			);
			runOnlyForDeploymentPostprocessing = 0;
		};
/* End PBXResourcesBuildPhase section */

/* Begin PBXSourcesBuildPhase section */
		574DFDC229E2D5B40015798A /* Sources */ = {
			isa = PBXSourcesBuildPhase;
			buildActionMask = 2147483647;
			files = (
				57979C8C29E3E7450017F6B4 /* ButtonShake.swift in Sources */,
				574DFDCC29E2D5B40015798A /* ViewController.swift in Sources */,
				574DFDCA29E2D5B40015798A /* AppDelegate.swift in Sources */,
				57E4F6A029E324160058BB64 /* ConfettiAlertView.swift in Sources */,
				57979C9F29E415C80017F6B4 /* ConfettiAlertErrorView.swift in Sources */,
				57E4F6AD29E33C010058BB64 /* CustomWindow.swift in Sources */,
				57E4F6A729E3386A0058BB64 /* GradientBackgroundView.swift in Sources */,
			);
			runOnlyForDeploymentPostprocessing = 0;
		};
/* End PBXSourcesBuildPhase section */

/* Begin PBXVariantGroup section */
		574DFDCF29E2D5B40015798A /* Main.storyboard */ = {
			isa = PBXVariantGroup;
			children = (
				574DFDD029E2D5B40015798A /* Base */,
			);
			name = Main.storyboard;
			sourceTree = "<group>";
		};
/* End PBXVariantGroup section */

/* Begin XCBuildConfiguration section */
		574DFDD329E2D5B40015798A /* Debug */ = {
			isa = XCBuildConfiguration;
			buildSettings = {
				ALWAYS_SEARCH_USER_PATHS = NO;
				CLANG_ANALYZER_NONNULL = YES;
				CLANG_ANALYZER_NUMBER_OBJECT_CONVERSION = YES_AGGRESSIVE;
				CLANG_CXX_LANGUAGE_STANDARD = "gnu++20";
				CLANG_ENABLE_MODULES = YES;
				CLANG_ENABLE_OBJC_ARC = YES;
				CLANG_ENABLE_OBJC_WEAK = YES;
				CLANG_WARN_BLOCK_CAPTURE_AUTORELEASING = YES;
				CLANG_WARN_BOOL_CONVERSION = YES;
				CLANG_WARN_COMMA = YES;
				CLANG_WARN_CONSTANT_CONVERSION = YES;
				CLANG_WARN_DEPRECATED_OBJC_IMPLEMENTATIONS = YES;
				CLANG_WARN_DIRECT_OBJC_ISA_USAGE = YES_ERROR;
				CLANG_WARN_DOCUMENTATION_COMMENTS = YES;
				CLANG_WARN_EMPTY_BODY = YES;
				CLANG_WARN_ENUM_CONVERSION = YES;
				CLANG_WARN_INFINITE_RECURSION = YES;
				CLANG_WARN_INT_CONVERSION = YES;
				CLANG_WARN_NON_LITERAL_NULL_CONVERSION = YES;
				CLANG_WARN_OBJC_IMPLICIT_RETAIN_SELF = YES;
				CLANG_WARN_OBJC_LITERAL_CONVERSION = YES;
				CLANG_WARN_OBJC_ROOT_CLASS = YES_ERROR;
				CLANG_WARN_QUOTED_INCLUDE_IN_FRAMEWORK_HEADER = YES;
				CLANG_WARN_RANGE_LOOP_ANALYSIS = YES;
				CLANG_WARN_STRICT_PROTOTYPES = YES;
				CLANG_WARN_SUSPICIOUS_MOVE = YES;
				CLANG_WARN_UNGUARDED_AVAILABILITY = YES_AGGRESSIVE;
				CLANG_WARN_UNREACHABLE_CODE = YES;
				CLANG_WARN__DUPLICATE_METHOD_MATCH = YES;
				COPY_PHASE_STRIP = NO;
				DEBUG_INFORMATION_FORMAT = dwarf;
				ENABLE_STRICT_OBJC_MSGSEND = YES;
				ENABLE_TESTABILITY = YES;
				GCC_C_LANGUAGE_STANDARD = gnu11;
				GCC_DYNAMIC_NO_PIC = NO;
				GCC_NO_COMMON_BLOCKS = YES;
				GCC_OPTIMIZATION_LEVEL = 0;
				GCC_PREPROCESSOR_DEFINITIONS = (
					"DEBUG=1",
					"$(inherited)",
				);
				GCC_WARN_64_TO_32_BIT_CONVERSION = YES;
				GCC_WARN_ABOUT_RETURN_TYPE = YES_ERROR;
				GCC_WARN_UNDECLARED_SELECTOR = YES;
				GCC_WARN_UNINITIALIZED_AUTOS = YES_AGGRESSIVE;
				GCC_WARN_UNUSED_FUNCTION = YES;
				GCC_WARN_UNUSED_VARIABLE = YES;
				MACOSX_DEPLOYMENT_TARGET = 13.2;
				MTL_ENABLE_DEBUG_INFO = INCLUDE_SOURCE;
				MTL_FAST_MATH = YES;
				ONLY_ACTIVE_ARCH = YES;
				SDKROOT = macosx;
				SWIFT_ACTIVE_COMPILATION_CONDITIONS = DEBUG;
				SWIFT_OPTIMIZATION_LEVEL = "-Onone";
			};
			name = Debug;
		};
		574DFDD429E2D5B40015798A /* Release */ = {
			isa = XCBuildConfiguration;
			buildSettings = {
				ALWAYS_SEARCH_USER_PATHS = NO;
				CLANG_ANALYZER_NONNULL = YES;
				CLANG_ANALYZER_NUMBER_OBJECT_CONVERSION = YES_AGGRESSIVE;
				CLANG_CXX_LANGUAGE_STANDARD = "gnu++20";
				CLANG_ENABLE_MODULES = YES;
				CLANG_ENABLE_OBJC_ARC = YES;
				CLANG_ENABLE_OBJC_WEAK = YES;
				CLANG_WARN_BLOCK_CAPTURE_AUTORELEASING = YES;
				CLANG_WARN_BOOL_CONVERSION = YES;
				CLANG_WARN_COMMA = YES;
				CLANG_WARN_CONSTANT_CONVERSION = YES;
				CLANG_WARN_DEPRECATED_OBJC_IMPLEMENTATIONS = YES;
				CLANG_WARN_DIRECT_OBJC_ISA_USAGE = YES_ERROR;
				CLANG_WARN_DOCUMENTATION_COMMENTS = YES;
				CLANG_WARN_EMPTY_BODY = YES;
				CLANG_WARN_ENUM_CONVERSION = YES;
				CLANG_WARN_INFINITE_RECURSION = YES;
				CLANG_WARN_INT_CONVERSION = YES;
				CLANG_WARN_NON_LITERAL_NULL_CONVERSION = YES;
				CLANG_WARN_OBJC_IMPLICIT_RETAIN_SELF = YES;
				CLANG_WARN_OBJC_LITERAL_CONVERSION = YES;
				CLANG_WARN_OBJC_ROOT_CLASS = YES_ERROR;
				CLANG_WARN_QUOTED_INCLUDE_IN_FRAMEWORK_HEADER = YES;
				CLANG_WARN_RANGE_LOOP_ANALYSIS = YES;
				CLANG_WARN_STRICT_PROTOTYPES = YES;
				CLANG_WARN_SUSPICIOUS_MOVE = YES;
				CLANG_WARN_UNGUARDED_AVAILABILITY = YES_AGGRESSIVE;
				CLANG_WARN_UNREACHABLE_CODE = YES;
				CLANG_WARN__DUPLICATE_METHOD_MATCH = YES;
				COPY_PHASE_STRIP = NO;
				DEBUG_INFORMATION_FORMAT = "dwarf-with-dsym";
				ENABLE_NS_ASSERTIONS = NO;
				ENABLE_STRICT_OBJC_MSGSEND = YES;
				GCC_C_LANGUAGE_STANDARD = gnu11;
				GCC_NO_COMMON_BLOCKS = YES;
				GCC_WARN_64_TO_32_BIT_CONVERSION = YES;
				GCC_WARN_ABOUT_RETURN_TYPE = YES_ERROR;
				GCC_WARN_UNDECLARED_SELECTOR = YES;
				GCC_WARN_UNINITIALIZED_AUTOS = YES_AGGRESSIVE;
				GCC_WARN_UNUSED_FUNCTION = YES;
				GCC_WARN_UNUSED_VARIABLE = YES;
				MACOSX_DEPLOYMENT_TARGET = 13.2;
				MTL_ENABLE_DEBUG_INFO = NO;
				MTL_FAST_MATH = YES;
				SDKROOT = macosx;
				SWIFT_COMPILATION_MODE = wholemodule;
				SWIFT_OPTIMIZATION_LEVEL = "-O";
			};
			name = Release;
		};
		574DFDD629E2D5B40015798A /* Debug */ = {
			isa = XCBuildConfiguration;
			buildSettings = {
				ASSETCATALOG_COMPILER_APPICON_NAME = AppIcon;
				ASSETCATALOG_COMPILER_GLOBAL_ACCENT_COLOR_NAME = AccentColor;
				ASSETCATALOG_COMPILER_INCLUDE_ALL_APPICON_ASSETS = YES;
				CODE_SIGN_ENTITLEMENTS = Exportify/Exportify.entitlements;
				CODE_SIGN_STYLE = Automatic;
				COMBINE_HIDPI_IMAGES = YES;
				CURRENT_PROJECT_VERSION = 1;
				DEVELOPMENT_ASSET_PATHS = "";
				DEVELOPMENT_TEAM = YCM8GSA4D5;
				ENABLE_HARDENED_RUNTIME = YES;
				GENERATE_INFOPLIST_FILE = YES;
				INFOPLIST_KEY_LSApplicationCategoryType = "public.app-category.developer-tools";
				INFOPLIST_KEY_NSHumanReadableCopyright = "";
				INFOPLIST_KEY_NSMainStoryboardFile = Main;
				INFOPLIST_KEY_NSPrincipalClass = NSApplication;
				INFOPLIST_KEY_UILaunchStoryboardName = Main.storyboard;
				LD_RUNPATH_SEARCH_PATHS = (
					"$(inherited)",
					"@executable_path/../Frameworks",
				);
				MARKETING_VERSION = 1.0;
				PRODUCT_BUNDLE_IDENTIFIER = Brnd.Exportify;
				PRODUCT_NAME = "$(TARGET_NAME)";
				SWIFT_EMIT_LOC_STRINGS = YES;
				SWIFT_VERSION = 5.0;
			};
			name = Debug;
		};
		574DFDD729E2D5B40015798A /* Release */ = {
			isa = XCBuildConfiguration;
			buildSettings = {
				ASSETCATALOG_COMPILER_APPICON_NAME = AppIcon;
				ASSETCATALOG_COMPILER_GLOBAL_ACCENT_COLOR_NAME = AccentColor;
				ASSETCATALOG_COMPILER_INCLUDE_ALL_APPICON_ASSETS = YES;
				CODE_SIGN_ENTITLEMENTS = Exportify/Exportify.entitlements;
				CODE_SIGN_STYLE = Automatic;
				COMBINE_HIDPI_IMAGES = YES;
				CURRENT_PROJECT_VERSION = 1;
				DEVELOPMENT_ASSET_PATHS = "";
				DEVELOPMENT_TEAM = YCM8GSA4D5;
				ENABLE_HARDENED_RUNTIME = YES;
				GENERATE_INFOPLIST_FILE = YES;
				INFOPLIST_KEY_LSApplicationCategoryType = "public.app-category.developer-tools";
				INFOPLIST_KEY_NSHumanReadableCopyright = "";
				INFOPLIST_KEY_NSMainStoryboardFile = Main;
				INFOPLIST_KEY_NSPrincipalClass = NSApplication;
				INFOPLIST_KEY_UILaunchStoryboardName = Main.storyboard;
				LD_RUNPATH_SEARCH_PATHS = (
					"$(inherited)",
					"@executable_path/../Frameworks",
				);
				MARKETING_VERSION = 1.0;
				PRODUCT_BUNDLE_IDENTIFIER = Brnd.Exportify;
				PRODUCT_NAME = "$(TARGET_NAME)";
				SWIFT_EMIT_LOC_STRINGS = YES;
				SWIFT_VERSION = 5.0;
			};
			name = Release;
		};
/* End XCBuildConfiguration section */

/* Begin XCConfigurationList section */
		574DFDC129E2D5B30015798A /* Build configuration list for PBXProject "Exportify" */ = {
			isa = XCConfigurationList;
			buildConfigurations = (
				574DFDD329E2D5B40015798A /* Debug */,
				574DFDD429E2D5B40015798A /* Release */,
			);
			defaultConfigurationIsVisible = 0;
			defaultConfigurationName = Release;
		};
		574DFDD529E2D5B40015798A /* Build configuration list for PBXNativeTarget "Exportify" */ = {
			isa = XCConfigurationList;
			buildConfigurations = (
				574DFDD629E2D5B40015798A /* Debug */,
				574DFDD729E2D5B40015798A /* Release */,
			);
			defaultConfigurationIsVisible = 0;
			defaultConfigurationName = Release;
		};
/* End XCConfigurationList section */

/* Begin XCRemoteSwiftPackageReference section */
		57E4F69C29E3214B0058BB64 /* XCRemoteSwiftPackageReference "ConfettiSwiftUI" */ = {
			isa = XCRemoteSwiftPackageReference;
			repositoryURL = "https://github.com/simibac/ConfettiSwiftUI.git";
			requirement = {
				kind = upToNextMajorVersion;
				minimumVersion = 1.0.0;
			};
		};
/* End XCRemoteSwiftPackageReference section */

/* Begin XCSwiftPackageProductDependency section */
		57E4F69D29E3214B0058BB64 /* ConfettiSwiftUI */ = {
			isa = XCSwiftPackageProductDependency;
			package = 57E4F69C29E3214B0058BB64 /* XCRemoteSwiftPackageReference "ConfettiSwiftUI" */;
			productName = ConfettiSwiftUI;
		};
/* End XCSwiftPackageProductDependency section */
	};
	rootObject = 574DFDBE29E2D5B30015798A /* Project object */;
}
